schema: '2.0'
stages:
  data_ingestion:
    cmd: python src/data/data_ingestion.py
    deps:
    - path: params.yaml
      hash: md5
      md5: 57de7433f0856e00d72fdd12ea295c5f
      size: 385
    - path: src/data/data_ingestion.py
      hash: md5
      md5: 48de2bd991a793c6d603a52a0f759379
      size: 4450
    outs:
    - path: data/raw/test.csv
      hash: md5
      md5: 4fdd89b3edad6998932ba2cd2049c276
      size: 609638
    - path: data/raw/train.csv
      hash: md5
      md5: 93efeee1952618a26788acb064a6423c
      size: 2436913
  data_preprocessing:
    cmd: python src/data/data_preprocessing.py
    deps:
    - path: data/raw/test.csv
      hash: md5
      md5: 4fdd89b3edad6998932ba2cd2049c276
      size: 609638
    - path: data/raw/train.csv
      hash: md5
      md5: 93efeee1952618a26788acb064a6423c
      size: 2436913
    - path: src/data/data_preprocessing.py
      hash: md5
      md5: 566a1ed9b97cbb03e3eaeb0cafb98d42
      size: 5437
    outs:
    - path: data/interim/test_processed.csv
      hash: md5
      md5: cf676bc65481d50b42b588dd45b7a373
      size: 340320
    - path: data/interim/train_processed.csv
      hash: md5
      md5: 5f90ce0a599bcbaa61d85071c3a9ef4c
      size: 1357162
  feature_engineering:
    cmd: python src/features/feature_engineering.py
    deps:
    - path: data/interim/test_processed.csv
      hash: md5
      md5: cf676bc65481d50b42b588dd45b7a373
      size: 340320
    - path: data/interim/train_processed.csv
      hash: md5
      md5: 5f90ce0a599bcbaa61d85071c3a9ef4c
      size: 1357162
    - path: params.yaml
      hash: md5
      md5: 57de7433f0856e00d72fdd12ea295c5f
      size: 385
    - path: src/features/feature_engineering.py
      hash: md5
      md5: 6df8a509f170e106c14ad839b0003312
      size: 4319
    params:
      params.yaml:
        feature_engineering.max_df: 0.95
        feature_engineering.max_features: 5000
        feature_engineering.min_df: 2
        feature_engineering.ngram_max: 2
        feature_engineering.ngram_min: 1
    outs:
    - path: data/processed/test_tfidf.csv
      hash: md5
      md5: ac267519db610251973d28ad66924ba2
      size: 139067346
    - path: data/processed/train_tfidf.csv
      hash: md5
      md5: 56e416eaf42795df8c7ecef32548f9bc
      size: 553732977
  model_building:
    cmd: python src/model/model_building.py
    deps:
    - path: data/processed/train_tfidf.csv
      hash: md5
      md5: 56e416eaf42795df8c7ecef32548f9bc
      size: 553732977
    - path: params.yaml
      hash: md5
      md5: 57de7433f0856e00d72fdd12ea295c5f
      size: 385
    - path: src/model/model_building.py
      hash: md5
      md5: ecd488e7d95447a85c425d88d2f62f98
      size: 3551
    params:
      params.yaml:
        model_building.C: 1.0
        model_building.max_iter: 5000
        model_building.model_type: logistic_regression
    outs:
    - path: models/model.pkl
      hash: md5
      md5: e0b51ffb518688dedb1cbcff2efded72
      size: 440872
  model_evaluation:
    cmd: python src/model/model_evaluation.py
    deps:
    - path: models
      hash: md5
      md5: c3701da600e3b273496fc59a6f6c4bbf.dir
      size: 440872
      nfiles: 2
    - path: src/model/model_evaluation.py
      hash: md5
      md5: 60392d944502169770f24c974a23fa60
      size: 3467
