schema: '2.0'
stages:
  data_ingestion:
    cmd: python src/data/data_ingestion.py
    deps:
    - path: params.yaml
      hash: md5
      md5: 4ed6c6872d29377f4a94b0c77fb10cd7
      size: 843
    - path: src/data/data_ingestion.py
      hash: md5
      md5: 14399401322cac56b5e1592a8ec8b79f
      size: 5287
    outs:
    - path: data/raw/test.csv
      hash: md5
      md5: 90deeca265fd7ebb4e500522a1fe472e
      size: 664381
    - path: data/raw/train.csv
      hash: md5
      md5: 03178c0c84eaeb4aca0f84901c8dd203
      size: 2658948
  data_preprocessing:
    cmd: python src/data/data_preprocessing.py
    deps:
    - path: data/raw/test.csv
      hash: md5
      md5: 90deeca265fd7ebb4e500522a1fe472e
      size: 664381
    - path: data/raw/train.csv
      hash: md5
      md5: 03178c0c84eaeb4aca0f84901c8dd203
      size: 2658948
    - path: params.yaml
      hash: md5
      md5: 4ed6c6872d29377f4a94b0c77fb10cd7
      size: 843
    - path: src/data/data_preprocessing.py
      hash: md5
      md5: b2dbaa615fab8927d8bb1936c3e6a9b5
      size: 4905
    outs:
    - path: data/interim/test_processed.csv
      hash: md5
      md5: da1dcac3ecc5e9909363f18cd026940b
      size: 382259
    - path: data/interim/train_processed.csv
      hash: md5
      md5: 3117d0e63d9b1d4bb16bdf55b95159b8
      size: 1535793
  feature_engineering:
    cmd: python src/features/feature_engineering.py
    deps:
    - path: data/interim/test_processed.csv
      hash: md5
      md5: da1dcac3ecc5e9909363f18cd026940b
      size: 382259
    - path: data/interim/train_processed.csv
      hash: md5
      md5: 3117d0e63d9b1d4bb16bdf55b95159b8
      size: 1535793
    - path: params.yaml
      hash: md5
      md5: 4ed6c6872d29377f4a94b0c77fb10cd7
      size: 843
    - path: src/features/feature_engineering.py
      hash: md5
      md5: 9c803fa6fa91ef550f597fd2ca62f85d
      size: 5091
    params:
      params.yaml:
        feature_engineering.max_df: 0.95
        feature_engineering.max_features: 5000
        feature_engineering.min_df: 2
        feature_engineering.ngram_max: 2
        feature_engineering.ngram_min: 1
        feature_engineering.vectorizer: tfidf
    outs:
    - path: artifacts/vectorizer.pkl
      hash: md5
      md5: dffae5709876d65a5a350209e49afac7
      size: 184594
    - path: data/processed/test_labels.npy
      hash: md5
      md5: 6a629427cd0c35282cec8ff155a6b55b
      size: 14369
    - path: data/processed/test_tfidf.npz
      hash: md5
      md5: c04fb398fcc7dec0096dbb119ae361d9
      size: 454102
    - path: data/processed/train_labels.npy
      hash: md5
      md5: 601c276369a526e4b3972eedb5b0b30d
      size: 56843
    - path: data/processed/train_tfidf.npz
      hash: md5
      md5: db8dfeafa3568f414327b41d94177dff
      size: 1885450
  model_building:
    cmd: python src/model/model_building.py
    deps:
    - path: data/interim/test_processed.csv
      hash: md5
      md5: da1dcac3ecc5e9909363f18cd026940b
      size: 382259
    - path: data/interim/train_processed.csv
      hash: md5
      md5: 3117d0e63d9b1d4bb16bdf55b95159b8
      size: 1535793
    - path: data/processed/test_tfidf.npz
      hash: md5
      md5: c04fb398fcc7dec0096dbb119ae361d9
      size: 454102
    - path: data/processed/train_tfidf.npz
      hash: md5
      md5: db8dfeafa3568f414327b41d94177dff
      size: 1885450
    - path: params.yaml
      hash: md5
      md5: 4ed6c6872d29377f4a94b0c77fb10cd7
      size: 843
    - path: src/model/model_building.py
      hash: md5
      md5: 22687218805905682c7382dc4a794645
      size: 6093
    params:
      params.yaml:
        model_building.C: 1
        model_building.class_weight: balanced
        model_building.max_iter: 500
        model_building.model_type: logistic_regression
        model_building.random_state: 42
        model_building.solver: lbfgs
    outs:
    - path: artifacts/model.pkl
      hash: md5
      md5: da73b53f1029d36c16740d81ed5cd14b
      size: 520925
  model_evaluation:
    cmd: python src/model/model_evaluation.py
    deps:
    - path: artifacts/model.pkl
      hash: md5
      md5: da73b53f1029d36c16740d81ed5cd14b
      size: 520925
    - path: data/interim/test_processed.csv
      hash: md5
      md5: da1dcac3ecc5e9909363f18cd026940b
      size: 382259
    - path: data/processed/test_tfidf.npz
      hash: md5
      md5: c04fb398fcc7dec0096dbb119ae361d9
      size: 454102
    - path: params.yaml
      hash: md5
      md5: 4ed6c6872d29377f4a94b0c77fb10cd7
      size: 843
    - path: src/model/model_evaluation.py
      hash: md5
      md5: 9267227fc2b9197b664d338fd32d8b61
      size: 4302
    params:
      params.yaml:
        model_evaluation.average_method: weighted
    outs:
    - path: reports/classification_report.txt
      hash: md5
      md5: 76aa33e7bb62bc0b2f80c3d12d24ea51
      size: 939
    - path: reports/confusion_matrix.png
      hash: md5
      md5: d5303cd6baa7883ebbb5b7e92878be28
      size: 18692
    - path: reports/metrics.json
      hash: md5
      md5: 69dccd2a82088a41ae6f0a301324aa8b
      size: 153
  model_registry:
    cmd: python src/model/model_registry.py
    deps:
    - path: artifacts/model.pkl
      hash: md5
      md5: da73b53f1029d36c16740d81ed5cd14b
      size: 520925
    - path: params.yaml
      hash: md5
      md5: 4ed6c6872d29377f4a94b0c77fb10cd7
      size: 843
    - path: reports/metrics.json
      hash: md5
      md5: 69dccd2a82088a41ae6f0a301324aa8b
      size: 153
    - path: src/model/model_registry.py
      hash: md5
      md5: b9c4e6dcf4aa7110fce9b8c9fc25dba4
      size: 5247
